# @generated by Move, please check-in and do not edit manually.

[move]
version = 3
manifest_digest = "977485868C652EF8E90719FF4C224D47A98FDD3CE3FE80F7A08EAD50B7B089AA"
deps_digest = "F8BBB0CCB2491CA29A3DF03D6F92277A4F3574266507ACD77214D37ECA3F3082"
dependencies = [
  { id = "Sui", name = "Sui" },
]

[[move.package]]
id = "MoveStdlib"
source = { git = "https://github.com/MystenLabs/sui.git", rev = "framework/mainnet", subdir = "crates/sui-framework/packages/move-stdlib" }

[[move.package]]
id = "Sui"
source = { git = "https://github.com/MystenLabs/sui.git", rev = "framework/mainnet", subdir = "crates/sui-framework/packages/sui-framework" }

dependencies = [
  { id = "MoveStdlib", name = "MoveStdlib" },
]

[move.toolchain-version]
compiler-version = "1.61.2"
edition = "2024"
flavor = "sui"

[env]

[env.testnet]
chain-id = "4c78adac"
original-published-id = "0xfc306f4b3a8b9def11a755886b0599009d5f87f8b8e41e251ab3dde6ceffdb16"
latest-published-id = "0xfc306f4b3a8b9def11a755886b0599009d5f87f8b8e41e251ab3dde6ceffdb16"
published-version = "1"
